
Microsoft Visual Studio Solution File, Format Version 12.00
# Visual Studio Version 16
VisualStudioVersion = 16.0.31624.102
MinimumVisualStudioVersion = 10.0.40219.1
Project("{FAE04EC0-301F-11D3-BF4B-00C04F79EFBC}") = "BankDeal1", "BankDeal1\BankDeal1.csproj", "{F69970EB-1412-4961-814C-0F6F5AF0FF8A}"
EndProject
Project("{FAE04EC0-301F-11D3-BF4B-00C04F79EFBC}") = "something", "something\something.csproj", "{AA720051-5B95-46F0-AE2D-4EFC1866AEBA}"
EndProject
Global
	GlobalSection(SolutionConfigurationPlatforms) = preSolution
		Debug|Any CPU = Debug|Any CPU
		Release|Any CPU = Release|Any CPU
	EndGlobalSection
	GlobalSection(ProjectConfigurationPlatforms) = postSolution
		{F69970EB-1412-4961-814C-0F6F5AF0FF8A}.Debug|Any CPU.ActiveCfg = Debug|Any CPU
		{F69970EB-1412-4961-814C-0F6F5AF0FF8A}.Debug|Any CPU.Build.0 = Debug|Any CPU
		{F69970EB-1412-4961-814C-0F6F5AF0FF8A}.Release|Any CPU.ActiveCfg = Release|Any CPU
		{F69970EB-1412-4961-814C-0F6F5AF0FF8A}.Release|Any CPU.Build.0 = Release|Any CPU
		{AA720051-5B95-46F0-AE2D-4EFC1866AEBA}.Debug|Any CPU.ActiveCfg = Debug|Any CPU
		{AA720051-5B95-46F0-AE2D-4EFC1866AEBA}.Debug|Any CPU.Build.0 = Debug|Any CPU
		{AA720051-5B95-46F0-AE2D-4EFC1866AEBA}.Release|Any CPU.ActiveCfg = Release|Any CPU
		{AA720051-5B95-46F0-AE2D-4EFC1866AEBA}.Release|Any CPU.Build.0 = Release|Any CPU
	EndGlobalSection
	GlobalSection(SolutionProperties) = preSolution
		HideSolutionNode = FALSE
	EndGlobalSection
	GlobalSection(ExtensibilityGlobals) = postSolution
		SolutionGuid = {55224EDC-9360-4C37-8EED-72390D42E28B}
	EndGlobalSection
EndGlobal
